
Microsoft Visual Studio Solution File, Format Version 11.00
# Visual Studio 2010
Project("{FAE04EC0-301F-11D3-BF4B-00C04F79EFBC}") = "Assembly-CSharp", "Assembly-CSharp.csproj", "{20C2F217-AFF0-0A21-BF1A-E0EE40B4E6EF}"
EndProject
Project("{FAE04EC0-301F-11D3-BF4B-00C04F79EFBC}") = "Assembly-CSharp-Editor", "Assembly-CSharp-Editor.csproj", "{969EC21F-97D8-8683-ACBF-079E5A2F4EA4}"
EndProject
Global
	GlobalSection(SolutionConfigurationPlatforms) = preSolution
		Debug|Any CPU = Debug|Any CPU
		Release|Any CPU = Release|Any CPU
	EndGlobalSection
	GlobalSection(ProjectConfigurationPlatforms) = postSolution
		{20C2F217-AFF0-0A21-BF1A-E0EE40B4E6EF}.Debug|Any CPU.ActiveCfg = Debug|Any CPU
		{20C2F217-AFF0-0A21-BF1A-E0EE40B4E6EF}.Debug|Any CPU.Build.0 = Debug|Any CPU
		{20C2F217-AFF0-0A21-BF1A-E0EE40B4E6EF}.Release|Any CPU.ActiveCfg = Release|Any CPU
		{20C2F217-AFF0-0A21-BF1A-E0EE40B4E6EF}.Release|Any CPU.Build.0 = Release|Any CPU
		{969EC21F-97D8-8683-ACBF-079E5A2F4EA4}.Debug|Any CPU.ActiveCfg = Debug|Any CPU
		{969EC21F-97D8-8683-ACBF-079E5A2F4EA4}.Debug|Any CPU.Build.0 = Debug|Any CPU
		{969EC21F-97D8-8683-ACBF-079E5A2F4EA4}.Release|Any CPU.ActiveCfg = Release|Any CPU
		{969EC21F-97D8-8683-ACBF-079E5A2F4EA4}.Release|Any CPU.Build.0 = Release|Any CPU
	EndGlobalSection
	GlobalSection(SolutionProperties) = preSolution
		HideSolutionNode = FALSE
	EndGlobalSection
EndGlobal
